
Microsoft Visual Studio Solution File, Format Version 12.00
# Visual Studio Version 16
VisualStudioVersion = 16.0.32413.511
MinimumVisualStudioVersion = 10.0.40219.1
Project("{FAE04EC0-301F-11D3-BF4B-00C04F79EFBC}") = "PersMediaTek86", "PersMediaTek86\PersMediaTek86.csproj", "{2508C8BA-5159-4B73-99E3-989A9067EA41}"
EndProject
Global
	GlobalSection(SolutionConfigurationPlatforms) = preSolution
		Debug|Any CPU = Debug|Any CPU
		Release|Any CPU = Release|Any CPU
	EndGlobalSection
	GlobalSection(ProjectConfigurationPlatforms) = postSolution
		{2508C8BA-5159-4B73-99E3-989A9067EA41}.Debug|Any CPU.ActiveCfg = Debug|Any CPU
		{2508C8BA-5159-4B73-99E3-989A9067EA41}.Debug|Any CPU.Build.0 = Debug|Any CPU
		{2508C8BA-5159-4B73-99E3-989A9067EA41}.Release|Any CPU.ActiveCfg = Release|Any CPU
		{2508C8BA-5159-4B73-99E3-989A9067EA41}.Release|Any CPU.Build.0 = Release|Any CPU
	EndGlobalSection
	GlobalSection(SolutionProperties) = preSolution
		HideSolutionNode = FALSE
	EndGlobalSection
	GlobalSection(ExtensibilityGlobals) = postSolution
		SolutionGuid = {E343C844-9B02-4A8B-A8C6-82D17A960A65}
	EndGlobalSection
EndGlobal
